
Microsoft Visual Studio Solution File, Format Version 12.00
# Visual Studio Version 17
VisualStudioVersion = 17.9.34701.34
MinimumVisualStudioVersion = 10.0.40219.1
Project("{FAE04EC0-301F-11D3-BF4B-00C04F79EFBC}") = "WebApplicationDemo", "WebApplicationDemo\WebApplicationDemo.csproj", "{2F77BE36-94E3-404C-A63C-C5DCE3836530}"
EndProject
Global
	GlobalSection(SolutionConfigurationPlatforms) = preSolution
		Debug|Any CPU = Debug|Any CPU
		Release|Any CPU = Release|Any CPU
	EndGlobalSection
	GlobalSection(ProjectConfigurationPlatforms) = postSolution
		{2F77BE36-94E3-404C-A63C-C5DCE3836530}.Debug|Any CPU.ActiveCfg = Debug|Any CPU
		{2F77BE36-94E3-404C-A63C-C5DCE3836530}.Debug|Any CPU.Build.0 = Debug|Any CPU
		{2F77BE36-94E3-404C-A63C-C5DCE3836530}.Release|Any CPU.ActiveCfg = Release|Any CPU
		{2F77BE36-94E3-404C-A63C-C5DCE3836530}.Release|Any CPU.Build.0 = Release|Any CPU
	EndGlobalSection
	GlobalSection(SolutionProperties) = preSolution
		HideSolutionNode = FALSE
	EndGlobalSection
	GlobalSection(ExtensibilityGlobals) = postSolution
		SolutionGuid = {9AFB56CD-0F32-4D16-A2C9-761E255D04A6}
	EndGlobalSection
EndGlobal
